
Microsoft Visual Studio Solution File, Format Version 12.00
# Visual Studio Version 16
VisualStudioVersion = 16.0.31410.357
MinimumVisualStudioVersion = 10.0.40219.1
Project("{FAE04EC0-301F-11D3-BF4B-00C04F79EFBC}") = "Chystokil", "Chystokil\Chystokil.csproj", "{37FC31CA-9A08-42B4-A2F3-AF0632C989F2}"
EndProject
Global
	GlobalSection(SolutionConfigurationPlatforms) = preSolution
		Debug|Any CPU = Debug|Any CPU
		Release|Any CPU = Release|Any CPU
	EndGlobalSection
	GlobalSection(ProjectConfigurationPlatforms) = postSolution
		{37FC31CA-9A08-42B4-A2F3-AF0632C989F2}.Debug|Any CPU.ActiveCfg = Debug|Any CPU
		{37FC31CA-9A08-42B4-A2F3-AF0632C989F2}.Debug|Any CPU.Build.0 = Debug|Any CPU
		{37FC31CA-9A08-42B4-A2F3-AF0632C989F2}.Release|Any CPU.ActiveCfg = Release|Any CPU
		{37FC31CA-9A08-42B4-A2F3-AF0632C989F2}.Release|Any CPU.Build.0 = Release|Any CPU
	EndGlobalSection
	GlobalSection(SolutionProperties) = preSolution
		HideSolutionNode = FALSE
	EndGlobalSection
	GlobalSection(ExtensibilityGlobals) = postSolution
		SolutionGuid = {63B3E58B-2087-4C3D-9B9C-957440B6927E}
	EndGlobalSection
EndGlobal
